
Microsoft Visual Studio Solution File, Format Version 12.00
Project("{FAE04EC0-301F-11D3-BF4B-00C04F79EFBC}") = "Person", "Person\Person.csproj", "{B88BF49C-645E-468D-A4CC-0C104EC8ABDD}"
EndProject
Project("{FAE04EC0-301F-11D3-BF4B-00C04F79EFBC}") = "Post", "Post\Post.csproj", "{ECA5EAD2-1BE4-4534-8EC1-0BE24CA0F3C1}"
EndProject
Project("{FAE04EC0-301F-11D3-BF4B-00C04F79EFBC}") = "Comment", "Comment\Comment.csproj", "{23616089-7C75-447C-B59D-5B81A48D301A}"
EndProject
Project("{FAE04EC0-301F-11D3-BF4B-00C04F79EFBC}") = "Utils", "Utils\Utils.csproj", "{1A8705C1-9A63-487C-9801-9A9465267FA8}"
EndProject
Global
	GlobalSection(SolutionConfigurationPlatforms) = preSolution
		Debug|Any CPU = Debug|Any CPU
		Release|Any CPU = Release|Any CPU
	EndGlobalSection
	GlobalSection(ProjectConfigurationPlatforms) = postSolution
		{B88BF49C-645E-468D-A4CC-0C104EC8ABDD}.Debug|Any CPU.ActiveCfg = Debug|Any CPU
		{B88BF49C-645E-468D-A4CC-0C104EC8ABDD}.Debug|Any CPU.Build.0 = Debug|Any CPU
		{B88BF49C-645E-468D-A4CC-0C104EC8ABDD}.Release|Any CPU.ActiveCfg = Release|Any CPU
		{B88BF49C-645E-468D-A4CC-0C104EC8ABDD}.Release|Any CPU.Build.0 = Release|Any CPU
		{ECA5EAD2-1BE4-4534-8EC1-0BE24CA0F3C1}.Debug|Any CPU.ActiveCfg = Debug|Any CPU
		{ECA5EAD2-1BE4-4534-8EC1-0BE24CA0F3C1}.Debug|Any CPU.Build.0 = Debug|Any CPU
		{ECA5EAD2-1BE4-4534-8EC1-0BE24CA0F3C1}.Release|Any CPU.ActiveCfg = Release|Any CPU
		{ECA5EAD2-1BE4-4534-8EC1-0BE24CA0F3C1}.Release|Any CPU.Build.0 = Release|Any CPU
		{23616089-7C75-447C-B59D-5B81A48D301A}.Debug|Any CPU.ActiveCfg = Debug|Any CPU
								{23616089-7C75-447C-B59D-5B81A48D301A}.Debug|Any CPU.Build.0 = Debug|Any CPU
								{23616089-7C75-447C-B59D-5B81A48D301A}.Release|Any CPU.ActiveCfg = Release|Any CPU
								{23616089-7C75-447C-B59D-5B81A48D301A}.Release|Any CPU.Build.0 = Release|Any CPU
		{1A8705C1-9A63-487C-9801-9A9465267FA8}.Debug|Any CPU.ActiveCfg = Debug|Any CPU
		{1A8705C1-9A63-487C-9801-9A9465267FA8}.Debug|Any CPU.Build.0 = Debug|Any CPU
		{1A8705C1-9A63-487C-9801-9A9465267FA8}.Release|Any CPU.ActiveCfg = Release|Any CPU
		{1A8705C1-9A63-487C-9801-9A9465267FA8}.Release|Any CPU.Build.0 = Release|Any CPU
	EndGlobalSection
EndGlobal
