
Microsoft Visual Studio Solution File, Format Version 12.00
# Visual Studio Version 16
VisualStudioVersion = 16.0.31019.35
MinimumVisualStudioVersion = 10.0.40219.1
Project("{9A19103F-16F7-4668-BE54-9A1E7A4F7556}") = "Person", "Person\Person.csproj", "{B88BF49C-645E-468D-A4CC-0C104EC8ABDD}"
EndProject
Project("{FAE04EC0-301F-11D3-BF4B-00C04F79EFBC}") = "Comment", "Comment\Comment.csproj", "{23616089-7C75-447C-B59D-5B81A48D301A}"
EndProject
Global
	GlobalSection(SolutionConfigurationPlatforms) = preSolution
		Debug|Any CPU = Debug|Any CPU
		Release|Any CPU = Release|Any CPU
	EndGlobalSection
	GlobalSection(ProjectConfigurationPlatforms) = postSolution
		{B88BF49C-645E-468D-A4CC-0C104EC8ABDD}.Debug|Any CPU.ActiveCfg = Debug|Any CPU
		{B88BF49C-645E-468D-A4CC-0C104EC8ABDD}.Debug|Any CPU.Build.0 = Debug|Any CPU
		{B88BF49C-645E-468D-A4CC-0C104EC8ABDD}.Release|Any CPU.ActiveCfg = Release|Any CPU
		{B88BF49C-645E-468D-A4CC-0C104EC8ABDD}.Release|Any CPU.Build.0 = Release|Any CPU
		{23616089-7C75-447C-B59D-5B81A48D301A}.Debug|Any CPU.ActiveCfg = Debug|Any CPU
		{23616089-7C75-447C-B59D-5B81A48D301A}.Debug|Any CPU.Build.0 = Debug|Any CPU
		{23616089-7C75-447C-B59D-5B81A48D301A}.Release|Any CPU.ActiveCfg = Release|Any CPU
		{23616089-7C75-447C-B59D-5B81A48D301A}.Release|Any CPU.Build.0 = Release|Any CPU
	EndGlobalSection
	GlobalSection(SolutionProperties) = preSolution
		HideSolutionNode = FALSE
	EndGlobalSection
	GlobalSection(ExtensibilityGlobals) = postSolution
		SolutionGuid = {6359B9F5-AB80-40CB-ABC8-AC0AD6F2AD26}
	EndGlobalSection
EndGlobal
